dependencies:
- name: postgresql
  repository: https://charts.bitnami.com/bitnami
  version: 13.2.27
- name: kafka
  repository: https://charts.bitnami.com/bitnami
  version: 26.6.2
digest: sha256:1fbe2de05e999449ee19b0ab74cc6441e4388b89478e1d366e19fb3703dd68e4
generated: "2024-01-04T14:23:49.791625818Z"
