dependencies:
- name: postgresql
  repository: https://charts.bitnami.com/bitnami
  version: 12.1.0
- name: kafka
  repository: https://charts.bitnami.com/bitnami
  version: 19.1.0
digest: sha256:65d46552483f07f2c7fee3f730a29ed847ac77db554b3ead88a2b2b297ed0ec7
generated: "2022-11-04T15:31:52.1680235Z"
